
Microsoft Visual Studio Solution File, Format Version 12.00
# Visual Studio Version 17
VisualStudioVersion = 17.3.32929.385
MinimumVisualStudioVersion = 10.0.40219.1
Project("{FAE04EC0-301F-11D3-BF4B-00C04F79EFBC}") = "Projekt_FlappyBird_HenkovaIT2", "Projekt_FlappyBird_HenkovaIT2\Projekt_FlappyBird_HenkovaIT2.csproj", "{84CE6E63-41FD-4A69-8DE8-0FD018B089B1}"
EndProject
Global
	GlobalSection(SolutionConfigurationPlatforms) = preSolution
		Debug|Any CPU = Debug|Any CPU
		Release|Any CPU = Release|Any CPU
	EndGlobalSection
	GlobalSection(ProjectConfigurationPlatforms) = postSolution
		{84CE6E63-41FD-4A69-8DE8-0FD018B089B1}.Debug|Any CPU.ActiveCfg = Debug|Any CPU
		{84CE6E63-41FD-4A69-8DE8-0FD018B089B1}.Debug|Any CPU.Build.0 = Debug|Any CPU
		{84CE6E63-41FD-4A69-8DE8-0FD018B089B1}.Release|Any CPU.ActiveCfg = Release|Any CPU
		{84CE6E63-41FD-4A69-8DE8-0FD018B089B1}.Release|Any CPU.Build.0 = Release|Any CPU
	EndGlobalSection
	GlobalSection(SolutionProperties) = preSolution
		HideSolutionNode = FALSE
	EndGlobalSection
	GlobalSection(ExtensibilityGlobals) = postSolution
		SolutionGuid = {2AFE0BB6-3223-47A1-BE00-A7F8AB564CF8}
	EndGlobalSection
EndGlobal
